// !$*UTF8*$!
{
	archiveVersion = 1;
	classes = {
	};
	objectVersion = 50;
	objects = {

/* Begin PBXBuildFile section */
		FAF0A3E5251E0ED800B71F86 /* AppDelegate.swift in Sources */ = {isa = PBXBuildFile; fileRef = FAF0A3E4251E0ED800B71F86 /* AppDelegate.swift */; };
		FAF0A3E7251E0ED800B71F86 /* SceneDelegate.swift in Sources */ = {isa = PBXBuildFile; fileRef = FAF0A3E6251E0ED800B71F86 /* SceneDelegate.swift */; };
		FAF0A3E9251E0ED800B71F86 /* ViewController.swift in Sources */ = {isa = PBXBuildFile; fileRef = FAF0A3E8251E0ED800B71F86 /* ViewController.swift */; };
		FAF0A3EC251E0ED800B71F86 /* Main.storyboard in Resources */ = {isa = PBXBuildFile; fileRef = FAF0A3EA251E0ED800B71F86 /* Main.storyboard */; };
		FAF0A3EE251E0EDA00B71F86 /* Assets.xcassets in Resources */ = {isa = PBXBuildFile; fileRef = FAF0A3ED251E0EDA00B71F86 /* Assets.xcassets */; };
		FAF0A3F1251E0EDA00B71F86 /* LaunchScreen.storyboard in Resources */ = {isa = PBXBuildFile; fileRef = FAF0A3EF251E0EDA00B71F86 /* LaunchScreen.storyboard */; };
		FAF0A3F9251E1FC800B71F86 /* APIDefine.swift in Sources */ = {isa = PBXBuildFile; fileRef = FAF0A3F8251E1FC800B71F86 /* APIDefine.swift */; };
/* End PBXBuildFile section */

/* Begin PBXFileReference section */
		FAF0A3E1251E0ED800B71F86 /* LostAndFound.app */ = {isa = PBXFileReference; explicitFileType = wrapper.application; includeInIndex = 0; path = LostAndFound.app; sourceTree = BUILT_PRODUCTS_DIR; };
		FAF0A3E4251E0ED800B71F86 /* AppDelegate.swift */ = {isa = PBXFileReference; lastKnownFileType = sourcecode.swift; path = AppDelegate.swift; sourceTree = "<group>"; };
		FAF0A3E6251E0ED800B71F86 /* SceneDelegate.swift */ = {isa = PBXFileReference; lastKnownFileType = sourcecode.swift; path = SceneDelegate.swift; sourceTree = "<group>"; };
		FAF0A3E8251E0ED800B71F86 /* ViewController.swift */ = {isa = PBXFileReference; lastKnownFileType = sourcecode.swift; path = ViewController.swift; sourceTree = "<group>"; };
		FAF0A3EB251E0ED800B71F86 /* Base */ = {isa = PBXFileReference; lastKnownFileType = file.storyboard; name = Base; path = Base.lproj/Main.storyboard; sourceTree = "<group>"; };
		FAF0A3ED251E0EDA00B71F86 /* Assets.xcassets */ = {isa = PBXFileReference; lastKnownFileType = folder.assetcatalog; path = Assets.xcassets; sourceTree = "<group>"; };
		FAF0A3F0251E0EDA00B71F86 /* Base */ = {isa = PBXFileReference; lastKnownFileType = file.storyboard; name = Base; path = Base.lproj/LaunchScreen.storyboard; sourceTree = "<group>"; };
		FAF0A3F2251E0EDA00B71F86 /* Info.plist */ = {isa = PBXFileReference; lastKnownFileType = text.plist.xml; path = Info.plist; sourceTree = "<group>"; };
		FAF0A3F8251E1FC800B71F86 /* APIDefine.swift */ = {isa = PBXFileReference; fileEncoding = 4; lastKnownFileType = sourcecode.swift; name = APIDefine.swift; path = "../../../../../Downloads/rxLostArticle-master/RxLostArticle/RxLostArticle/Define/APIDefine.swift"; sourceTree = "<group>"; };
/* End PBXFileReference section */

/* Begin PBXFrameworksBuildPhase section */
		FAF0A3DE251E0ED800B71F86 /* Frameworks */ = {
			isa = PBXFrameworksBuildPhase;
			buildActionMask = 2147483647;
			files = (
			);
			runOnlyForDeploymentPostprocessing = 0;
		};
/* End PBXFrameworksBuildPhase section */

/* Begin PBXGroup section */
		FAF0A3D8251E0ED800B71F86 = {
			isa = PBXGroup;
			children = (
				FAF0A3E3251E0ED800B71F86 /* LostAndFound */,
				FAF0A3E2251E0ED800B71F86 /* Products */,
			);
			sourceTree = "<group>";
		};
		FAF0A3E2251E0ED800B71F86 /* Products */ = {
			isa = PBXGroup;
			children = (
				FAF0A3E1251E0ED800B71F86 /* LostAndFound.app */,
			);
			name = Products;
			sourceTree = "<group>";
		};
		FAF0A3E3251E0ED800B71F86 /* LostAndFound */ = {
			isa = PBXGroup;
			children = (
				FAF0A3E4251E0ED800B71F86 /* AppDelegate.swift */,
				FAF0A3E6251E0ED800B71F86 /* SceneDelegate.swift */,
				FAF0A3E8251E0ED800B71F86 /* ViewController.swift */,
				FAF0A3F8251E1FC800B71F86 /* APIDefine.swift */,
				FAF0A3EA251E0ED800B71F86 /* Main.storyboard */,
				FAF0A3ED251E0EDA00B71F86 /* Assets.xcassets */,
				FAF0A3EF251E0EDA00B71F86 /* LaunchScreen.storyboard */,
				FAF0A3F2251E0EDA00B71F86 /* Info.plist */,
			);
			path = LostAndFound;
			sourceTree = "<group>";
		};
/* End PBXGroup section */

/* Begin PBXNativeTarget section */
		FAF0A3E0251E0ED800B71F86 /* LostAndFound */ = {
			isa = PBXNativeTarget;
			buildConfigurationList = FAF0A3F5251E0EDA00B71F86 /* Build configuration list for PBXNativeTarget "LostAndFound" */;
			buildPhases = (
				FAF0A3DD251E0ED800B71F86 /* Sources */,
				FAF0A3DE251E0ED800B71F86 /* Frameworks */,
				FAF0A3DF251E0ED800B71F86 /* Resources */,
			);
			buildRules = (
			);
			dependencies = (
			);
			name = LostAndFound;
			productName = LostAndFound;
			productReference = FAF0A3E1251E0ED800B71F86 /* LostAndFound.app */;
			productType = "com.apple.product-type.application";
		};
/* End PBXNativeTarget section */

/* Begin PBXProject section */
		FAF0A3D9251E0ED800B71F86 /* Project object */ = {
			isa = PBXProject;
			attributes = {
				LastSwiftUpdateCheck = 1170;
				LastUpgradeCheck = 1170;
				ORGANIZATIONNAME = sapere4ude;
				TargetAttributes = {
					FAF0A3E0251E0ED800B71F86 = {
						CreatedOnToolsVersion = 11.7;
					};
				};
			};
			buildConfigurationList = FAF0A3DC251E0ED800B71F86 /* Build configuration list for PBXProject "LostAndFound" */;
			compatibilityVersion = "Xcode 9.3";
			developmentRegion = en;
			hasScannedForEncodings = 0;
			knownRegions = (
				en,
				Base,
			);
			mainGroup = FAF0A3D8251E0ED800B71F86;
			productRefGroup = FAF0A3E2251E0ED800B71F86 /* Products */;
			projectDirPath = "";
			projectRoot = "";
			targets = (
				FAF0A3E0251E0ED800B71F86 /* LostAndFound */,
			);
		};
/* End PBXProject section */

/* Begin PBXResourcesBuildPhase section */
		FAF0A3DF251E0ED800B71F86 /* Resources */ = {
			isa = PBXResourcesBuildPhase;
			buildActionMask = 2147483647;
			files = (
				FAF0A3F1251E0EDA00B71F86 /* LaunchScreen.storyboard in Resources */,
				FAF0A3EE251E0EDA00B71F86 /* Assets.xcassets in Resources */,
				FAF0A3EC251E0ED800B71F86 /* Main.storyboard in Resources */,
			);
			runOnlyForDeploymentPostprocessing = 0;
		};
/* End PBXResourcesBuildPhase section */

/* Begin PBXSourcesBuildPhase section */
		FAF0A3DD251E0ED800B71F86 /* Sources */ = {
			isa = PBXSourcesBuildPhase;
			buildActionMask = 2147483647;
			files = (
				FAF0A3E9251E0ED800B71F86 /* ViewController.swift in Sources */,
				FAF0A3E5251E0ED800B71F86 /* AppDelegate.swift in Sources */,
				FAF0A3E7251E0ED800B71F86 /* SceneDelegate.swift in Sources */,
				FAF0A3F9251E1FC800B71F86 /* APIDefine.swift in Sources */,
			);
			runOnlyForDeploymentPostprocessing = 0;
		};
/* End PBXSourcesBuildPhase section */

/* Begin PBXVariantGroup section */
		FAF0A3EA251E0ED800B71F86 /* Main.storyboard */ = {
			isa = PBXVariantGroup;
			children = (
				FAF0A3EB251E0ED800B71F86 /* Base */,
			);
			name = Main.storyboard;
			sourceTree = "<group>";
		};
		FAF0A3EF251E0EDA00B71F86 /* LaunchScreen.storyboard */ = {
			isa = PBXVariantGroup;
			children = (
				FAF0A3F0251E0EDA00B71F86 /* Base */,
			);
			name = LaunchScreen.storyboard;
			sourceTree = "<group>";
		};
/* End PBXVariantGroup section */

/* Begin XCBuildConfiguration section */
		FAF0A3F3251E0EDA00B71F86 /* Debug */ = {
			isa = XCBuildConfiguration;
			buildSettings = {
				ALWAYS_SEARCH_USER_PATHS = NO;
				CLANG_ANALYZER_NONNULL = YES;
				CLANG_ANALYZER_NUMBER_OBJECT_CONVERSION = YES_AGGRESSIVE;
				CLANG_CXX_LANGUAGE_STANDARD = "gnu++14";
				CLANG_CXX_LIBRARY = "libc++";
				CLANG_ENABLE_MODULES = YES;
				CLANG_ENABLE_OBJC_ARC = YES;
				CLANG_ENABLE_OBJC_WEAK = YES;
				CLANG_WARN_BLOCK_CAPTURE_AUTORELEASING = YES;
				CLANG_WARN_BOOL_CONVERSION = YES;
				CLANG_WARN_COMMA = YES;
				CLANG_WARN_CONSTANT_CONVERSION = YES;
				CLANG_WARN_DEPRECATED_OBJC_IMPLEMENTATIONS = YES;
				CLANG_WARN_DIRECT_OBJC_ISA_USAGE = YES_ERROR;
				CLANG_WARN_DOCUMENTATION_COMMENTS = YES;
				CLANG_WARN_EMPTY_BODY = YES;
				CLANG_WARN_ENUM_CONVERSION = YES;
				CLANG_WARN_INFINITE_RECURSION = YES;
				CLANG_WARN_INT_CONVERSION = YES;
				CLANG_WARN_NON_LITERAL_NULL_CONVERSION = YES;
				CLANG_WARN_OBJC_IMPLICIT_RETAIN_SELF = YES;
				CLANG_WARN_OBJC_LITERAL_CONVERSION = YES;
				CLANG_WARN_OBJC_ROOT_CLASS = YES_ERROR;
				CLANG_WARN_RANGE_LOOP_ANALYSIS = YES;
				CLANG_WARN_STRICT_PROTOTYPES = YES;
				CLANG_WARN_SUSPICIOUS_MOVE = YES;
				CLANG_WARN_UNGUARDED_AVAILABILITY = YES_AGGRESSIVE;
				CLANG_WARN_UNREACHABLE_CODE = YES;
				CLANG_WARN__DUPLICATE_METHOD_MATCH = YES;
				COPY_PHASE_STRIP = NO;
				DEBUG_INFORMATION_FORMAT = dwarf;
				ENABLE_STRICT_OBJC_MSGSEND = YES;
				ENABLE_TESTABILITY = YES;
				GCC_C_LANGUAGE_STANDARD = gnu11;
				GCC_DYNAMIC_NO_PIC = NO;
				GCC_NO_COMMON_BLOCKS = YES;
				GCC_OPTIMIZATION_LEVEL = 0;
				GCC_PREPROCESSOR_DEFINITIONS = (
					"DEBUG=1",
					"$(inherited)",
				);
				GCC_WARN_64_TO_32_BIT_CONVERSION = YES;
				GCC_WARN_ABOUT_RETURN_TYPE = YES_ERROR;
				GCC_WARN_UNDECLARED_SELECTOR = YES;
				GCC_WARN_UNINITIALIZED_AUTOS = YES_AGGRESSIVE;
				GCC_WARN_UNUSED_FUNCTION = YES;
				GCC_WARN_UNUSED_VARIABLE = YES;
				IPHONEOS_DEPLOYMENT_TARGET = 13.7;
				MTL_ENABLE_DEBUG_INFO = INCLUDE_SOURCE;
				MTL_FAST_MATH = YES;
				ONLY_ACTIVE_ARCH = YES;
				SDKROOT = iphoneos;
				SWIFT_ACTIVE_COMPILATION_CONDITIONS = DEBUG;
				SWIFT_OPTIMIZATION_LEVEL = "-Onone";
			};
			name = Debug;
		};
		FAF0A3F4251E0EDA00B71F86 /* Release */ = {
			isa = XCBuildConfiguration;
			buildSettings = {
				ALWAYS_SEARCH_USER_PATHS = NO;
				CLANG_ANALYZER_NONNULL = YES;
				CLANG_ANALYZER_NUMBER_OBJECT_CONVERSION = YES_AGGRESSIVE;
				CLANG_CXX_LANGUAGE_STANDARD = "gnu++14";
				CLANG_CXX_LIBRARY = "libc++";
				CLANG_ENABLE_MODULES = YES;
				CLANG_ENABLE_OBJC_ARC = YES;
				CLANG_ENABLE_OBJC_WEAK = YES;
				CLANG_WARN_BLOCK_CAPTURE_AUTORELEASING = YES;
				CLANG_WARN_BOOL_CONVERSION = YES;
				CLANG_WARN_COMMA = YES;
				CLANG_WARN_CONSTANT_CONVERSION = YES;
				CLANG_WARN_DEPRECATED_OBJC_IMPLEMENTATIONS = YES;
				CLANG_WARN_DIRECT_OBJC_ISA_USAGE = YES_ERROR;
				CLANG_WARN_DOCUMENTATION_COMMENTS = YES;
				CLANG_WARN_EMPTY_BODY = YES;
				CLANG_WARN_ENUM_CONVERSION = YES;
				CLANG_WARN_INFINITE_RECURSION = YES;
				CLANG_WARN_INT_CONVERSION = YES;
				CLANG_WARN_NON_LITERAL_NULL_CONVERSION = YES;
				CLANG_WARN_OBJC_IMPLICIT_RETAIN_SELF = YES;
				CLANG_WARN_OBJC_LITERAL_CONVERSION = YES;
				CLANG_WARN_OBJC_ROOT_CLASS = YES_ERROR;
				CLANG_WARN_RANGE_LOOP_ANALYSIS = YES;
				CLANG_WARN_STRICT_PROTOTYPES = YES;
				CLANG_WARN_SUSPICIOUS_MOVE = YES;
				CLANG_WARN_UNGUARDED_AVAILABILITY = YES_AGGRESSIVE;
				CLANG_WARN_UNREACHABLE_CODE = YES;
				CLANG_WARN__DUPLICATE_METHOD_MATCH = YES;
				COPY_PHASE_STRIP = NO;
				DEBUG_INFORMATION_FORMAT = "dwarf-with-dsym";
				ENABLE_NS_ASSERTIONS = NO;
				ENABLE_STRICT_OBJC_MSGSEND = YES;
				GCC_C_LANGUAGE_STANDARD = gnu11;
				GCC_NO_COMMON_BLOCKS = YES;
				GCC_WARN_64_TO_32_BIT_CONVERSION = YES;
				GCC_WARN_ABOUT_RETURN_TYPE = YES_ERROR;
				GCC_WARN_UNDECLARED_SELECTOR = YES;
				GCC_WARN_UNINITIALIZED_AUTOS = YES_AGGRESSIVE;
				GCC_WARN_UNUSED_FUNCTION = YES;
				GCC_WARN_UNUSED_VARIABLE = YES;
				IPHONEOS_DEPLOYMENT_TARGET = 13.7;
				MTL_ENABLE_DEBUG_INFO = NO;
				MTL_FAST_MATH = YES;
				SDKROOT = iphoneos;
				SWIFT_COMPILATION_MODE = wholemodule;
				SWIFT_OPTIMIZATION_LEVEL = "-O";
				VALIDATE_PRODUCT = YES;
			};
			name = Release;
		};
		FAF0A3F6251E0EDA00B71F86 /* Debug */ = {
			isa = XCBuildConfiguration;
			buildSettings = {
				ASSETCATALOG_COMPILER_APPICON_NAME = AppIcon;
				CODE_SIGN_STYLE = Automatic;
				INFOPLIST_FILE = LostAndFound/Info.plist;
				LD_RUNPATH_SEARCH_PATHS = (
					"$(inherited)",
					"@executable_path/Frameworks",
				);
				PRODUCT_BUNDLE_IDENTIFIER = sapere4ude.LostAndFound;
				PRODUCT_NAME = "$(TARGET_NAME)";
				SWIFT_VERSION = 5.0;
				TARGETED_DEVICE_FAMILY = "1,2";
			};
			name = Debug;
		};
		FAF0A3F7251E0EDA00B71F86 /* Release */ = {
			isa = XCBuildConfiguration;
			buildSettings = {
				ASSETCATALOG_COMPILER_APPICON_NAME = AppIcon;
				CODE_SIGN_STYLE = Automatic;
				INFOPLIST_FILE = LostAndFound/Info.plist;
				LD_RUNPATH_SEARCH_PATHS = (
					"$(inherited)",
					"@executable_path/Frameworks",
				);
				PRODUCT_BUNDLE_IDENTIFIER = sapere4ude.LostAndFound;
				PRODUCT_NAME = "$(TARGET_NAME)";
				SWIFT_VERSION = 5.0;
				TARGETED_DEVICE_FAMILY = "1,2";
			};
			name = Release;
		};
/* End XCBuildConfiguration section */

/* Begin XCConfigurationList section */
		FAF0A3DC251E0ED800B71F86 /* Build configuration list for PBXProject "LostAndFound" */ = {
			isa = XCConfigurationList;
			buildConfigurations = (
				FAF0A3F3251E0EDA00B71F86 /* Debug */,
				FAF0A3F4251E0EDA00B71F86 /* Release */,
			);
			defaultConfigurationIsVisible = 0;
			defaultConfigurationName = Release;
		};
		FAF0A3F5251E0EDA00B71F86 /* Build configuration list for PBXNativeTarget "LostAndFound" */ = {
			isa = XCConfigurationList;
			buildConfigurations = (
				FAF0A3F6251E0EDA00B71F86 /* Debug */,
				FAF0A3F7251E0EDA00B71F86 /* Release */,
			);
			defaultConfigurationIsVisible = 0;
			defaultConfigurationName = Release;
		};
/* End XCConfigurationList section */
	};
	rootObject = FAF0A3D9251E0ED800B71F86 /* Project object */;
}
